{
  "name": "removememberfromcolonywhitelist",
  "version": "2.0.0",
  "lockfileVersion": 3,
  "requires": true,
  "packages": {
    "": {
      "name": "removememberfromcolonywhitelist",
      "version": "2.0.0",
      "license": "Apache-2.0",
      "devDependencies": {
        "@types/aws-lambda": "^8.10.92"
      }
    },
    "node_modules/@types/aws-lambda": {
      "version": "8.10.134",
      "resolved": "https://registry.npmjs.org/@types/aws-lambda/-/aws-lambda-8.10.134.tgz",
      "integrity": "sha512-cfv422ivDMO+EeA3N4YcshbTHBL+5lLXe+Uz+4HXvIcsCuWvqNFpOs28ZprL8NA3qRCzt95ETiNAJDn4IcC/PA==",
      "dev": true
    }
  }
}
